{
  "nodes": {
    "nixpkgs": {
      "locked": {
        "lastModified": 1702998616,
        "narHash": "sha256-WF4W9NxEvmd1qzzpp4D7BHXpGB1JUb8Zr+F1sYZ07i0=",
        "path": "/nix/store/xl2wzz8plgylz5rqzhmisgy8hqvr50sz-source",
        "rev": "7e6bcbfce278bfa9021f0ce7918b43341ee0af79",
        "type": "path"
      },
      "original": {
        "id": "nixpkgs",
        "type": "indirect"
      }
    },
    "root": {
      "inputs": {
        "nixpkgs": "nixpkgs"
      }
    }
  },
  "root": "root",
  "version": 7
}
