{
  "nodes": {
    "nixpkgs": {
      "locked": {
        "lastModified": 1702587893,
        "narHash": "sha256-J6ITrGgF4CXtCxOue0vz71W+WCe0lRV7Trk7FxE+uiU=",
        "path": "/nix/store/v2zh4ykwlp40324nn8bdn3g1zfl7bq5j-source",
        "rev": "42c3641cc777954b8e346740026cd0fbbad52ae1",
        "type": "path"
      },
      "original": {
        "id": "nixpkgs",
        "type": "indirect"
      }
    },
    "root": {
      "inputs": {
        "nixpkgs": "nixpkgs"
      }
    }
  },
  "root": "root",
  "version": 7
}
