{
  "nodes": {
    "nixpkgs": {
      "locked": {
        "lastModified": 1733599965,
        "narHash": "sha256-E/JhI3HBnRqYMTlqzfwvkG1M8mL8+Evx+hDle+7HQSs=",
        "owner": "nixos",
        "repo": "nixpkgs",
        "rev": "e23d551fb85c3081946c9fd0a638a3106229400f",
        "type": "github"
      },
      "original": {
        "owner": "nixos",
        "repo": "nixpkgs",
        "type": "github"
      }
    },
    "root": {
      "inputs": {
        "nixpkgs": "nixpkgs"
      }
    }
  },
  "root": "root",
  "version": 7
}
